# This file is automatically @generated by Cargo.
# It is not intended for manual editing.
version = 3

[[package]]
name = "app"
version = "0.1.0"
dependencies = [
 "cranelift",
]

[[package]]
name = "byteorder"
version = "1.4.3"
source = "registry+https://github.com/rust-lang/crates.io-index"
checksum = "14c189c53d098945499cdfa7ecc63567cf3886b3332b312a5b4585d8d3a6a610"

[[package]]
name = "cfg-if"
version = "1.0.0"
source = "registry+https://github.com/rust-lang/crates.io-index"
checksum = "baf1de4339761588bc0619e3cbc0120ee582ebb74b53b4efbf79117bd2da40fd"

[[package]]
name = "cranelift"
version = "0.85.1"
source = "registry+https://github.com/rust-lang/crates.io-index"
checksum = "ec62ccb6a0d41deb50bb7efdb2a34cdf75519056f49728a3b68bf9811b33911d"
dependencies = [
 "cranelift-codegen",
 "cranelift-frontend",
]

[[package]]
name = "cranelift-bforest"
version = "0.85.1"
source = "registry+https://github.com/rust-lang/crates.io-index"
checksum = "7901fbba05decc537080b07cb3f1cadf53be7b7602ca8255786288a8692ae29a"
dependencies = [
 "cranelift-entity",
]

[[package]]
name = "cranelift-codegen"
version = "0.85.1"
source = "registry+https://github.com/rust-lang/crates.io-index"
checksum = "37ba1b45d243a4a28e12d26cd5f2507da74e77c45927d40de8b6ffbf088b46b5"
dependencies = [
 "cranelift-bforest",
 "cranelift-codegen-meta",
 "cranelift-codegen-shared",
 "cranelift-entity",
 "cranelift-isle",
 "log",
 "regalloc2",
 "smallvec",
 "target-lexicon",
]

[[package]]
name = "cranelift-codegen-meta"
version = "0.85.1"
source = "registry+https://github.com/rust-lang/crates.io-index"
checksum = "54cc30032171bf230ce22b99c07c3a1de1221cb5375bd6dbe6dbe77d0eed743c"
dependencies = [
 "cranelift-codegen-shared",
]

[[package]]
name = "cranelift-codegen-shared"
version = "0.85.1"
source = "registry+https://github.com/rust-lang/crates.io-index"
checksum = "a23f2672426d2bb4c9c3ef53e023076cfc4d8922f0eeaebaf372c92fae8b5c69"

[[package]]
name = "cranelift-entity"
version = "0.85.1"
source = "registry+https://github.com/rust-lang/crates.io-index"
checksum = "886c59a5e0de1f06dbb7da80db149c75de10d5e2caca07cdd9fef8a5918a6336"

[[package]]
name = "cranelift-frontend"
version = "0.85.1"
source = "registry+https://github.com/rust-lang/crates.io-index"
checksum = "ace74eeca11c439a9d4ed1a5cb9df31a54cd0f7fbddf82c8ce4ea8e9ad2a8fe0"
dependencies = [
 "cranelift-codegen",
 "log",
 "smallvec",
 "target-lexicon",
]

[[package]]
name = "cranelift-isle"
version = "0.85.1"
source = "registry+https://github.com/rust-lang/crates.io-index"
checksum = "db1ae52a5cc2cad0d86fdd3dcb16b7217d2f1e65ab4f5814aa4f014ad335fa43"

[[package]]
name = "fxhash"
version = "0.2.1"
source = "registry+https://github.com/rust-lang/crates.io-index"
checksum = "c31b6d751ae2c7f11320402d34e41349dd1016f8d5d45e48c4312bc8625af50c"
dependencies = [
 "byteorder",
]

[[package]]
name = "log"
version = "0.4.17"
source = "registry+https://github.com/rust-lang/crates.io-index"
checksum = "abb12e687cfb44aa40f41fc3978ef76448f9b6038cad6aef4259d3c095a2382e"
dependencies = [
 "cfg-if",
]

[[package]]
name = "regalloc2"
version = "0.2.3"
source = "registry+https://github.com/rust-lang/crates.io-index"
checksum = "4a8d23b35d7177df3b9d31ed8a9ab4bf625c668be77a319d4f5efd4a5257701c"
dependencies = [
 "fxhash",
 "log",
 "slice-group-by",
 "smallvec",
]

[[package]]
name = "slice-group-by"
version = "0.3.0"
source = "registry+https://github.com/rust-lang/crates.io-index"
checksum = "03b634d87b960ab1a38c4fe143b508576f075e7c978bfad18217645ebfdfa2ec"

[[package]]
name = "smallvec"
version = "1.9.0"
source = "registry+https://github.com/rust-lang/crates.io-index"
checksum = "2fd0db749597d91ff862fd1d55ea87f7855a744a8425a64695b6fca237d1dad1"

[[package]]
name = "target-lexicon"
version = "0.12.4"
source = "registry+https://github.com/rust-lang/crates.io-index"
checksum = "c02424087780c9b71cc96799eaeddff35af2bc513278cda5c99fc1f5d026d3c1"
