{
  "name": "til",
  "lockfileVersion": 3,
  "requires": true,
  "packages": {
    "": {
      "dependencies": {
        "@raviqqe/loscore": "^0.1.7"
      }
    },
    "node_modules/@raviqqe/loscore": {
      "version": "0.1.7",
      "resolved": "https://registry.npmjs.org/@raviqqe/loscore/-/loscore-0.1.7.tgz",
      "integrity": "sha512-60XsnIZalZh33FFcOWqVUaqp6ohVs41kcxTVLPXJSuXfbn58fEM9SV2qqSI7Iycnjan7LLvNyLQSp+UB4iaGvg=="
    }
  }
}
